{
  "name": "voiceassistant",
  "version": "1.0.0",
  "lockfileVersion": 3,
  "requires": true,
  "packages": {
    "": {
      "name": "voiceassistant",
      "version": "1.0.0",
      "license": "ISC",
      "dependencies": {
        "node-microphone": "^0.1.6"
      },
      "devDependencies": {
        "typescript": "^5.0.2"
      }
    },
    "node_modules/node-microphone": {
      "version": "0.1.6",
      "resolved": "https://registry.npmjs.org/node-microphone/-/node-microphone-0.1.6.tgz",
      "integrity": "sha512-5229wtpVYNU2gR8zpkABVSdp4wT9qagJgj6pELEIkAVbOXFmaCM35qN3z4ylu3OwFfEKqQ4h9u8Lb58DzaBieQ==",
      "engines": {
        "node": ">=4.0"
      }
    },
    "node_modules/typescript": {
      "version": "5.0.2",
      "resolved": "https://registry.npmjs.org/typescript/-/typescript-5.0.2.tgz",
      "integrity": "sha512-wVORMBGO/FAs/++blGNeAVdbNKtIh1rbBL2EyQ1+J9lClJ93KiiKe8PmFIVdXhHcyv44SL9oglmfeSsndo0jRw==",
      "dev": true,
      "bin": {
        "tsc": "bin/tsc",
        "tsserver": "bin/tsserver"
      },
      "engines": {
        "node": ">=12.20"
      }
    }
  }
}
